{
  "name": "fakao",
  "version": "1.0.0",
  "lockfileVersion": 1,
  "requires": true,
  "dependencies": {
    "lin-ui": {
      "version": "0.7.2",
      "resolved": "https://registry.npmjs.org/lin-ui/-/lin-ui-0.7.2.tgz",
      "integrity": "sha512-OtdpgCIhYxtJZOWH7ebV30P/oNtozZlE9HxTJlryy+3hkHw0NHAfM0EwGV4yRqzcRAot2efzhJogj1yYmThLvA=="
    }
  }
}
